
Microsoft Visual Studio Solution File, Format Version 12.00
# Visual Studio Version 16
VisualStudioVersion = 16.0.31702.278
MinimumVisualStudioVersion = 10.0.40219.1
Project("{FAE04EC0-301F-11D3-BF4B-00C04F79EFBC}") = "TcpSupport", "TcpSupport\TcpSupport.csproj", "{3E13CAA8-5EF7-4595-A5F4-E6C3998D385A}"
EndProject
Project("{FAE04EC0-301F-11D3-BF4B-00C04F79EFBC}") = "PyVisionSupport", "PyVisionSupport\PyVisionSupport.csproj", "{2AD47ED0-45CE-4271-9550-D309859B9629}"
EndProject
Project("{2150E333-8FDC-42A3-9474-1A3956D46DE8}") = "TestCase", "TestCase", "{9F77AE48-06C4-4E34-857A-3045CAD19CFD}"
EndProject
Project("{FAE04EC0-301F-11D3-BF4B-00C04F79EFBC}") = "Client.Ver1", "Client.Ver1\Client.Ver1.csproj", "{C17CDD43-884C-4E3F-9270-60C9970C9963}"
EndProject
Project("{FAE04EC0-301F-11D3-BF4B-00C04F79EFBC}") = "Server.Ver1", "Server.Ver1\Server.Ver1.csproj", "{D2A7B5C9-2C0F-4656-98F9-904C59EB1852}"
EndProject
Project("{FAE04EC0-301F-11D3-BF4B-00C04F79EFBC}") = "TestConsole", "TestConsole\TestConsole.csproj", "{D0DFEBCA-1696-4FE4-990D-E443433F9678}"
EndProject
Global
	GlobalSection(SolutionConfigurationPlatforms) = preSolution
		Debug|Any CPU = Debug|Any CPU
		Release|Any CPU = Release|Any CPU
	EndGlobalSection
	GlobalSection(ProjectConfigurationPlatforms) = postSolution
		{3E13CAA8-5EF7-4595-A5F4-E6C3998D385A}.Debug|Any CPU.ActiveCfg = Debug|Any CPU
		{3E13CAA8-5EF7-4595-A5F4-E6C3998D385A}.Debug|Any CPU.Build.0 = Debug|Any CPU
		{3E13CAA8-5EF7-4595-A5F4-E6C3998D385A}.Release|Any CPU.ActiveCfg = Release|Any CPU
		{3E13CAA8-5EF7-4595-A5F4-E6C3998D385A}.Release|Any CPU.Build.0 = Release|Any CPU
		{2AD47ED0-45CE-4271-9550-D309859B9629}.Debug|Any CPU.ActiveCfg = Debug|Any CPU
		{2AD47ED0-45CE-4271-9550-D309859B9629}.Debug|Any CPU.Build.0 = Debug|Any CPU
		{2AD47ED0-45CE-4271-9550-D309859B9629}.Release|Any CPU.ActiveCfg = Release|Any CPU
		{2AD47ED0-45CE-4271-9550-D309859B9629}.Release|Any CPU.Build.0 = Release|Any CPU
		{C17CDD43-884C-4E3F-9270-60C9970C9963}.Debug|Any CPU.ActiveCfg = Debug|Any CPU
		{C17CDD43-884C-4E3F-9270-60C9970C9963}.Debug|Any CPU.Build.0 = Debug|Any CPU
		{C17CDD43-884C-4E3F-9270-60C9970C9963}.Release|Any CPU.ActiveCfg = Release|Any CPU
		{C17CDD43-884C-4E3F-9270-60C9970C9963}.Release|Any CPU.Build.0 = Release|Any CPU
		{D2A7B5C9-2C0F-4656-98F9-904C59EB1852}.Debug|Any CPU.ActiveCfg = Debug|Any CPU
		{D2A7B5C9-2C0F-4656-98F9-904C59EB1852}.Debug|Any CPU.Build.0 = Debug|Any CPU
		{D2A7B5C9-2C0F-4656-98F9-904C59EB1852}.Release|Any CPU.ActiveCfg = Release|Any CPU
		{D2A7B5C9-2C0F-4656-98F9-904C59EB1852}.Release|Any CPU.Build.0 = Release|Any CPU
		{D0DFEBCA-1696-4FE4-990D-E443433F9678}.Debug|Any CPU.ActiveCfg = Debug|Any CPU
		{D0DFEBCA-1696-4FE4-990D-E443433F9678}.Debug|Any CPU.Build.0 = Debug|Any CPU
		{D0DFEBCA-1696-4FE4-990D-E443433F9678}.Release|Any CPU.ActiveCfg = Release|Any CPU
		{D0DFEBCA-1696-4FE4-990D-E443433F9678}.Release|Any CPU.Build.0 = Release|Any CPU
	EndGlobalSection
	GlobalSection(SolutionProperties) = preSolution
		HideSolutionNode = FALSE
	EndGlobalSection
	GlobalSection(NestedProjects) = preSolution
		{C17CDD43-884C-4E3F-9270-60C9970C9963} = {9F77AE48-06C4-4E34-857A-3045CAD19CFD}
		{D2A7B5C9-2C0F-4656-98F9-904C59EB1852} = {9F77AE48-06C4-4E34-857A-3045CAD19CFD}
		{D0DFEBCA-1696-4FE4-990D-E443433F9678} = {9F77AE48-06C4-4E34-857A-3045CAD19CFD}
	EndGlobalSection
	GlobalSection(ExtensibilityGlobals) = postSolution
		SolutionGuid = {402C2507-0339-45D7-A568-EE5725399ADA}
	EndGlobalSection
EndGlobal
